
Microsoft Visual Studio Solution File, Format Version 12.00
# Visual Studio Version 17
VisualStudioVersion = 17.9.34728.123
MinimumVisualStudioVersion = 10.0.40219.1
Project("{9A19103F-16F7-4668-BE54-9A1E7A4F7556}") = "CMS-back", "CMS-back\CMS-back.csproj", "{ED99EB47-9A23-4A78-9469-2FF1863CB056}"
EndProject
Project("{9A19103F-16F7-4668-BE54-9A1E7A4F7556}") = "CMS_back.Data", "CMS_Back.Data\CMS_back.Data.csproj", "{D93B7445-6EAA-4107-BEE5-F664092CA195}"
EndProject
Project("{9A19103F-16F7-4668-BE54-9A1E7A4F7556}") = "CMS_back.Application", "CMS_back.Application\CMS_back.Application.csproj", "{071C7868-C38C-4F2B-9517-B2D1FFEC54BA}"
EndProject
Global
	GlobalSection(SolutionConfigurationPlatforms) = preSolution
		Debug|Any CPU = Debug|Any CPU
		Release|Any CPU = Release|Any CPU
	EndGlobalSection
	GlobalSection(ProjectConfigurationPlatforms) = postSolution
		{ED99EB47-9A23-4A78-9469-2FF1863CB056}.Debug|Any CPU.ActiveCfg = Debug|Any CPU
		{ED99EB47-9A23-4A78-9469-2FF1863CB056}.Debug|Any CPU.Build.0 = Debug|Any CPU
		{ED99EB47-9A23-4A78-9469-2FF1863CB056}.Release|Any CPU.ActiveCfg = Release|Any CPU
		{ED99EB47-9A23-4A78-9469-2FF1863CB056}.Release|Any CPU.Build.0 = Release|Any CPU
		{D93B7445-6EAA-4107-BEE5-F664092CA195}.Debug|Any CPU.ActiveCfg = Debug|Any CPU
		{D93B7445-6EAA-4107-BEE5-F664092CA195}.Debug|Any CPU.Build.0 = Debug|Any CPU
		{D93B7445-6EAA-4107-BEE5-F664092CA195}.Release|Any CPU.ActiveCfg = Release|Any CPU
		{D93B7445-6EAA-4107-BEE5-F664092CA195}.Release|Any CPU.Build.0 = Release|Any CPU
		{071C7868-C38C-4F2B-9517-B2D1FFEC54BA}.Debug|Any CPU.ActiveCfg = Debug|Any CPU
		{071C7868-C38C-4F2B-9517-B2D1FFEC54BA}.Debug|Any CPU.Build.0 = Debug|Any CPU
		{071C7868-C38C-4F2B-9517-B2D1FFEC54BA}.Release|Any CPU.ActiveCfg = Release|Any CPU
		{071C7868-C38C-4F2B-9517-B2D1FFEC54BA}.Release|Any CPU.Build.0 = Release|Any CPU
	EndGlobalSection
	GlobalSection(SolutionProperties) = preSolution
		HideSolutionNode = FALSE
	EndGlobalSection
	GlobalSection(ExtensibilityGlobals) = postSolution
		SolutionGuid = {34C9DB13-9AB0-4BA0-82A6-DA994C2A3B59}
	EndGlobalSection
EndGlobal
